schema: '2.0'
stages:
  save-datasets:
    cmd: mnist save-datasets
    outs:
    - path: data/MNIST/raw
      md5: 8c257df187855c681f88bde92d721ccd.dir
      size: 66544770
      nfiles: 8
  train-model:
    cmd: mnist train-model
    deps:
    - path: data/MNIST/raw
      md5: 8c257df187855c681f88bde92d721ccd.dir
      size: 66544770
      nfiles: 8
    - path: mnist
      md5: 3004af0834735098e66349c8d7384022.dir
      size: 21205
      nfiles: 19
    params:
      params.yaml:
        learning_rate: 0.01
    outs:
    - path: data/accuracy.json
      md5: 200585e690b39791a6a527c10aebcbac
      size: 35
    - path: data/features.pt
      md5: fad50c089c748bbaa4d75804d7134b5d
      size: 80459
