schema: '2.0'
stages:
  download-dataset:
    cmd: python main.py download-dataset
    deps:
    - path: mnist/dataset.py
      md5: c26828a2fba05d7d59536c651c2a275b
      size: 2564
    outs:
    - path: data/raw
      md5: b6c29e96813679dd8c451c9b5ca86e2c.dir
      size: 11594722
      nfiles: 4
  gunzip-dataset:
    cmd: python main.py gunzip-dataset
    deps:
    - path: data/raw
      md5: b6c29e96813679dd8c451c9b5ca86e2c.dir
      size: 11594722
      nfiles: 4
    - path: mnist/dataset.py
      md5: c26828a2fba05d7d59536c651c2a275b
      size: 2564
    outs:
    - path: data/processed
      md5: d0193be11ab497254ec667a4864050d9.dir
      size: 54950048
      nfiles: 4
  train-model:
    cmd: python main.py train-model
    deps:
    - path: data/processed
      md5: d0193be11ab497254ec667a4864050d9.dir
      size: 54950048
      nfiles: 4
    - path: mnist/dataset.py
      md5: c26828a2fba05d7d59536c651c2a275b
      size: 2564
    - path: mnist/train.py
      md5: 8261a43ddd610634b9953b2a1a690fa4
      size: 2131
    params:
      mnist/config.py:
        MnistConfig.batch_size: 64
        MnistConfig.learning_rate: 0.05
        MnistConfig.max_epochs: 2
        MnistConfig.random_seed: 12345
    outs:
    - path: data/features.pt
      md5: 7bfe2b4e05e37f7a4314205d6cf1b27b
      size: 80459
